
Microsoft Visual Studio Solution File, Format Version 12.00
# Visual Studio 14
VisualStudioVersion = 14.0.23107.0
MinimumVisualStudioVersion = 10.0.40219.1
Project("{FAE04EC0-301F-11D3-BF4B-00C04F79EFBC}") = "IdentityDemo1", "IdentityDemo1\IdentityDemo1.csproj", "{D64BD69C-70A6-4FE2-8B7A-52CA7A449E4A}"
EndProject
Project("{FAE04EC0-301F-11D3-BF4B-00C04F79EFBC}") = "IdentityDemo1.Tests", "IdentityDemo1.Tests\IdentityDemo1.Tests.csproj", "{0441105F-3B3A-44F3-B1D6-2AA2149EAB22}"
EndProject
Global
	GlobalSection(SolutionConfigurationPlatforms) = preSolution
		Debug|Any CPU = Debug|Any CPU
		Release|Any CPU = Release|Any CPU
	EndGlobalSection
	GlobalSection(ProjectConfigurationPlatforms) = postSolution
		{D64BD69C-70A6-4FE2-8B7A-52CA7A449E4A}.Debug|Any CPU.ActiveCfg = Debug|Any CPU
		{D64BD69C-70A6-4FE2-8B7A-52CA7A449E4A}.Debug|Any CPU.Build.0 = Debug|Any CPU
		{D64BD69C-70A6-4FE2-8B7A-52CA7A449E4A}.Release|Any CPU.ActiveCfg = Release|Any CPU
		{D64BD69C-70A6-4FE2-8B7A-52CA7A449E4A}.Release|Any CPU.Build.0 = Release|Any CPU
		{0441105F-3B3A-44F3-B1D6-2AA2149EAB22}.Debug|Any CPU.ActiveCfg = Debug|Any CPU
		{0441105F-3B3A-44F3-B1D6-2AA2149EAB22}.Debug|Any CPU.Build.0 = Debug|Any CPU
		{0441105F-3B3A-44F3-B1D6-2AA2149EAB22}.Release|Any CPU.ActiveCfg = Release|Any CPU
		{0441105F-3B3A-44F3-B1D6-2AA2149EAB22}.Release|Any CPU.Build.0 = Release|Any CPU
	EndGlobalSection
	GlobalSection(SolutionProperties) = preSolution
		HideSolutionNode = FALSE
	EndGlobalSection
EndGlobal
